
Microsoft Visual Studio Solution File, Format Version 12.00
# Visual Studio 2013
VisualStudioVersion = 12.0.21005.1
MinimumVisualStudioVersion = 10.0.40219.1
Project("{FAE04EC0-301F-11D3-BF4B-00C04F79EFBC}") = "Tko-to-tipka", "Tko-to-tipka\Tko-to-tipka.csproj", "{BBC60348-5C4A-4729-B154-035168AE1EBA}"
EndProject
Global
	GlobalSection(SolutionConfigurationPlatforms) = preSolution
		Debug|Any CPU = Debug|Any CPU
		Release|Any CPU = Release|Any CPU
	EndGlobalSection
	GlobalSection(ProjectConfigurationPlatforms) = postSolution
		{BBC60348-5C4A-4729-B154-035168AE1EBA}.Debug|Any CPU.ActiveCfg = Debug|Any CPU
		{BBC60348-5C4A-4729-B154-035168AE1EBA}.Debug|Any CPU.Build.0 = Debug|Any CPU
		{BBC60348-5C4A-4729-B154-035168AE1EBA}.Release|Any CPU.ActiveCfg = Release|Any CPU
		{BBC60348-5C4A-4729-B154-035168AE1EBA}.Release|Any CPU.Build.0 = Release|Any CPU
	EndGlobalSection
	GlobalSection(SolutionProperties) = preSolution
		HideSolutionNode = FALSE
	EndGlobalSection
EndGlobal
